{
  "version": 4,
  "terraform_version": "1.5.7",
  "serial": 4,
  "lineage": "603ada24-1d04-849f-d365-b538111a577c",
  "outputs": {},
  "resources": [
    {
      "mode": "managed",
      "type": "azuread_group",
      "name": "dbx-admin",
      "provider": "provider[\"registry.terraform.io/hashicorp/azuread\"]",
      "instances": [
        {
          "schema_version": 0,
          "attributes": {
            "assignable_to_role": false,
            "behaviors": null,
            "description": "",
            "display_name": "dbx-admin",
            "dynamic_membership": [],
            "id": "4e4db687-86c4-41bf-9aa7-66a3ab2374a7",
            "mail": "",
            "mail_enabled": false,
            "mail_nickname": "58af8587-3",
            "members": [],
            "object_id": "4e4db687-86c4-41bf-9aa7-66a3ab2374a7",
            "onpremises_domain_name": "",
            "onpremises_netbios_name": "",
            "onpremises_sam_account_name": "",
            "onpremises_security_identifier": "",
            "onpremises_sync_enabled": false,
            "owners": [
              "0a63e9d6-82e2-4741-8353-2e33c677a5b7"
            ],
            "preferred_language": "",
            "prevent_duplicate_names": false,
            "provisioning_options": null,
            "proxy_addresses": [],
            "security_enabled": true,
            "theme": "",
            "timeouts": null,
            "types": null,
            "visibility": ""
          },
          "sensitive_attributes": [],
          "private": "eyJlMmJmYjczMC1lY2FhLTExZTYtOGY4OC0zNDM2M2JjN2M0YzAiOnsiY3JlYXRlIjoxMjAwMDAwMDAwMDAwLCJkZWxldGUiOjMwMDAwMDAwMDAwMCwicmVhZCI6MzAwMDAwMDAwMDAwLCJ1cGRhdGUiOjEyMDAwMDAwMDAwMDB9fQ=="
        }
      ]
    },
    {
      "mode": "managed",
      "type": "azuread_group",
      "name": "dbx-analyst",
      "provider": "provider[\"registry.terraform.io/hashicorp/azuread\"]",
      "instances": [
        {
          "schema_version": 0,
          "attributes": {
            "assignable_to_role": false,
            "behaviors": null,
            "description": "",
            "display_name": "dbx-analyst",
            "dynamic_membership": [],
            "id": "a64a4e78-5ae9-4aec-b3e3-4583b109f702",
            "mail": "",
            "mail_enabled": false,
            "mail_nickname": "bcb1d09a-1",
            "members": [],
            "object_id": "a64a4e78-5ae9-4aec-b3e3-4583b109f702",
            "onpremises_domain_name": "",
            "onpremises_netbios_name": "",
            "onpremises_sam_account_name": "",
            "onpremises_security_identifier": "",
            "onpremises_sync_enabled": false,
            "owners": [
              "0a63e9d6-82e2-4741-8353-2e33c677a5b7"
            ],
            "preferred_language": "",
            "prevent_duplicate_names": false,
            "provisioning_options": null,
            "proxy_addresses": [],
            "security_enabled": true,
            "theme": "",
            "timeouts": null,
            "types": null,
            "visibility": ""
          },
          "sensitive_attributes": [],
          "private": "eyJlMmJmYjczMC1lY2FhLTExZTYtOGY4OC0zNDM2M2JjN2M0YzAiOnsiY3JlYXRlIjoxMjAwMDAwMDAwMDAwLCJkZWxldGUiOjMwMDAwMDAwMDAwMCwicmVhZCI6MzAwMDAwMDAwMDAwLCJ1cGRhdGUiOjEyMDAwMDAwMDAwMDB9fQ=="
        }
      ]
    },
    {
      "mode": "managed",
      "type": "azuread_group",
      "name": "dbx-engineer",
      "provider": "provider[\"registry.terraform.io/hashicorp/azuread\"]",
      "instances": [
        {
          "schema_version": 0,
          "attributes": {
            "assignable_to_role": false,
            "behaviors": null,
            "description": "",
            "display_name": "dbx-engineer",
            "dynamic_membership": [],
            "id": "95476d69-ebe8-4ce0-b1aa-5e801728f782",
            "mail": "",
            "mail_enabled": false,
            "mail_nickname": "d2dd8013-7",
            "members": [],
            "object_id": "95476d69-ebe8-4ce0-b1aa-5e801728f782",
            "onpremises_domain_name": "",
            "onpremises_netbios_name": "",
            "onpremises_sam_account_name": "",
            "onpremises_security_identifier": "",
            "onpremises_sync_enabled": false,
            "owners": [
              "0a63e9d6-82e2-4741-8353-2e33c677a5b7"
            ],
            "preferred_language": "",
            "prevent_duplicate_names": false,
            "provisioning_options": null,
            "proxy_addresses": [],
            "security_enabled": true,
            "theme": "",
            "timeouts": null,
            "types": null,
            "visibility": ""
          },
          "sensitive_attributes": [],
          "private": "eyJlMmJmYjczMC1lY2FhLTExZTYtOGY4OC0zNDM2M2JjN2M0YzAiOnsiY3JlYXRlIjoxMjAwMDAwMDAwMDAwLCJkZWxldGUiOjMwMDAwMDAwMDAwMCwicmVhZCI6MzAwMDAwMDAwMDAwLCJ1cGRhdGUiOjEyMDAwMDAwMDAwMDB9fQ=="
        }
      ]
    }
  ],
  "check_results": null
}
