{
  "version": 4,
  "terraform_version": "1.5.7",
  "serial": 9,
  "lineage": "7f95dbc0-3fb9-eb77-9bc3-bd793d3640dc",
  "outputs": {},
  "resources": [
    {
      "mode": "managed",
      "type": "azurerm_databricks_workspace",
      "name": "dbx",
      "provider": "provider[\"registry.terraform.io/hashicorp/azurerm\"]",
      "instances": [
        {
          "schema_version": 0,
          "attributes": {
            "custom_parameters": [
              {
                "machine_learning_workspace_id": "",
                "nat_gateway_name": "",
                "no_public_ip": false,
                "private_subnet_name": "",
                "private_subnet_network_security_group_association_id": "",
                "public_ip_name": "nat-gw-public-ip",
                "public_subnet_name": "",
                "public_subnet_network_security_group_association_id": "",
                "storage_account_name": "dbstorage6ea7jb6m6hhhs",
                "storage_account_sku_name": "Standard_GRS",
                "virtual_network_id": "",
                "vnet_address_prefix": "10.139"
              }
            ],
            "customer_managed_key_enabled": false,
            "id": "/subscriptions/22659d5b-7a6f-4fba-870e-498e4fcc17f8/resourceGroups/rg-sandbox/providers/Microsoft.Databricks/workspaces/dbx-sandbox-workspace",
            "infrastructure_encryption_enabled": false,
            "load_balancer_backend_address_pool_id": "",
            "location": "westeurope",
            "managed_resource_group_id": "/subscriptions/22659d5b-7a6f-4fba-870e-498e4fcc17f8/resourceGroups/databricks-rg-rg-sandbox",
            "managed_resource_group_name": "databricks-rg-rg-sandbox",
            "managed_services_cmk_key_vault_key_id": null,
            "name": "dbx-sandbox-workspace",
            "network_security_group_rules_required": null,
            "public_network_access_enabled": true,
            "resource_group_name": "rg-sandbox",
            "sku": "premium",
            "storage_account_identity": [],
            "tags": {
              "environment": "sandbox-uc"
            },
            "timeouts": null,
            "workspace_id": "4580133865589222",
            "workspace_url": "adb-4580133865589222.2.azuredatabricks.net"
          },
          "sensitive_attributes": [],
          "private": "eyJlMmJmYjczMC1lY2FhLTExZTYtOGY4OC0zNDM2M2JjN2M0YzAiOnsiY3JlYXRlIjoxODAwMDAwMDAwMDAwLCJkZWxldGUiOjE4MDAwMDAwMDAwMDAsInJlYWQiOjMwMDAwMDAwMDAwMCwidXBkYXRlIjoxODAwMDAwMDAwMDAwfX0=",
          "dependencies": [
            "azurerm_resource_group.rg"
          ]
        }
      ]
    },
    {
      "mode": "managed",
      "type": "azurerm_key_vault",
      "name": "kv",
      "provider": "provider[\"registry.terraform.io/hashicorp/azurerm\"]",
      "instances": [
        {
          "status": "tainted",
          "schema_version": 2,
          "attributes": {
            "access_policy": [],
            "contact": [],
            "enable_rbac_authorization": false,
            "enabled_for_deployment": false,
            "enabled_for_disk_encryption": false,
            "enabled_for_template_deployment": false,
            "id": "/subscriptions/22659d5b-7a6f-4fba-870e-498e4fcc17f8/resourceGroups/rg-sandbox/providers/Microsoft.KeyVault/vaults/kv-uc-sandbox",
            "location": "westeurope",
            "name": "kv-uc-sandbox",
            "network_acls": [
              {
                "bypass": "AzureServices",
                "default_action": "Allow",
                "ip_rules": [],
                "virtual_network_subnet_ids": []
              }
            ],
            "purge_protection_enabled": false,
            "resource_group_name": "rg-sandbox",
            "sku_name": "standard",
            "soft_delete_retention_days": 90,
            "tags": {
              "environment": "sandbox-uc"
            },
            "tenant_id": "a1e7f409-f438-450d-a3bc-919d6123625b",
            "timeouts": null,
            "vault_uri": "https://kv-uc-sandbox.vault.azure.net/"
          },
          "sensitive_attributes": [],
          "private": "eyJlMmJmYjczMC1lY2FhLTExZTYtOGY4OC0zNDM2M2JjN2M0YzAiOnsiY3JlYXRlIjoxODAwMDAwMDAwMDAwLCJkZWxldGUiOjE4MDAwMDAwMDAwMDAsInJlYWQiOjMwMDAwMDAwMDAwMCwidXBkYXRlIjoxODAwMDAwMDAwMDAwfSwic2NoZW1hX3ZlcnNpb24iOiIyIn0=",
          "dependencies": [
            "azurerm_resource_group.rg"
          ]
        }
      ]
    },
    {
      "mode": "managed",
      "type": "azurerm_resource_group",
      "name": "rg",
      "provider": "provider[\"registry.terraform.io/hashicorp/azurerm\"]",
      "instances": [
        {
          "schema_version": 0,
          "attributes": {
            "id": "/subscriptions/22659d5b-7a6f-4fba-870e-498e4fcc17f8/resourceGroups/rg-sandbox",
            "location": "westeurope",
            "name": "rg-sandbox",
            "tags": {
              "environment": "sandbox-uc"
            },
            "timeouts": null
          },
          "sensitive_attributes": [],
          "private": "eyJlMmJmYjczMC1lY2FhLTExZTYtOGY4OC0zNDM2M2JjN2M0YzAiOnsiY3JlYXRlIjo1NDAwMDAwMDAwMDAwLCJkZWxldGUiOjU0MDAwMDAwMDAwMDAsInJlYWQiOjMwMDAwMDAwMDAwMCwidXBkYXRlIjo1NDAwMDAwMDAwMDAwfX0="
        }
      ]
    },
    {
      "mode": "managed",
      "type": "azurerm_storage_account",
      "name": "stg",
      "provider": "provider[\"registry.terraform.io/hashicorp/azurerm\"]",
      "instances": [
        {
          "schema_version": 3,
          "attributes": {
            "access_tier": "Hot",
            "account_kind": "StorageV2",
            "account_replication_type": "LRS",
            "account_tier": "Standard",
            "allow_nested_items_to_be_public": true,
            "azure_files_authentication": [],
            "blob_properties": [
              {
                "change_feed_enabled": false,
                "container_delete_retention_policy": [],
                "cors_rule": [],
                "default_service_version": "",
                "delete_retention_policy": [],
                "last_access_time_enabled": false,
                "versioning_enabled": false
              }
            ],
            "custom_domain": [],
            "customer_managed_key": [],
            "edge_zone": "",
            "enable_https_traffic_only": true,
            "id": "/subscriptions/22659d5b-7a6f-4fba-870e-498e4fcc17f8/resourceGroups/rg-sandbox/providers/Microsoft.Storage/storageAccounts/stgdbxucsandbox",
            "identity": [],
            "infrastructure_encryption_enabled": false,
            "is_hns_enabled": false,
            "large_file_share_enabled": null,
            "location": "westeurope",
            "min_tls_version": "TLS1_2",
            "name": "stgdbxucsandbox",
            "network_rules": [
              {
                "bypass": [
                  "AzureServices"
                ],
                "default_action": "Allow",
                "ip_rules": [],
                "private_link_access": [],
                "virtual_network_subnet_ids": []
              }
            ],
            "nfsv3_enabled": false,
            "primary_access_key": "cv6MVBVweaGIUjU3Gif6jBpdPElPW+H8cACd9eSsAgKpjfpo4qYsA1HeOCBxkuVGTq+wrCAMSANi+ASt+yDujA==",
            "primary_blob_connection_string": "DefaultEndpointsProtocol=https;BlobEndpoint=https://stgdbxucsandbox.blob.core.windows.net/;AccountName=stgdbxucsandbox;AccountKey=cv6MVBVweaGIUjU3Gif6jBpdPElPW+H8cACd9eSsAgKpjfpo4qYsA1HeOCBxkuVGTq+wrCAMSANi+ASt+yDujA==",
            "primary_blob_endpoint": "https://stgdbxucsandbox.blob.core.windows.net/",
            "primary_blob_host": "stgdbxucsandbox.blob.core.windows.net",
            "primary_connection_string": "DefaultEndpointsProtocol=https;AccountName=stgdbxucsandbox;AccountKey=cv6MVBVweaGIUjU3Gif6jBpdPElPW+H8cACd9eSsAgKpjfpo4qYsA1HeOCBxkuVGTq+wrCAMSANi+ASt+yDujA==;EndpointSuffix=core.windows.net",
            "primary_dfs_endpoint": "https://stgdbxucsandbox.dfs.core.windows.net/",
            "primary_dfs_host": "stgdbxucsandbox.dfs.core.windows.net",
            "primary_file_endpoint": "https://stgdbxucsandbox.file.core.windows.net/",
            "primary_file_host": "stgdbxucsandbox.file.core.windows.net",
            "primary_location": "westeurope",
            "primary_queue_endpoint": "https://stgdbxucsandbox.queue.core.windows.net/",
            "primary_queue_host": "stgdbxucsandbox.queue.core.windows.net",
            "primary_table_endpoint": "https://stgdbxucsandbox.table.core.windows.net/",
            "primary_table_host": "stgdbxucsandbox.table.core.windows.net",
            "primary_web_endpoint": "https://stgdbxucsandbox.z6.web.core.windows.net/",
            "primary_web_host": "stgdbxucsandbox.z6.web.core.windows.net",
            "queue_encryption_key_type": "Service",
            "queue_properties": [
              {
                "cors_rule": [],
                "hour_metrics": [
                  {
                    "enabled": true,
                    "include_apis": true,
                    "retention_policy_days": 7,
                    "version": "1.0"
                  }
                ],
                "logging": [
                  {
                    "delete": false,
                    "read": false,
                    "retention_policy_days": 0,
                    "version": "1.0",
                    "write": false
                  }
                ],
                "minute_metrics": [
                  {
                    "enabled": false,
                    "include_apis": false,
                    "retention_policy_days": 0,
                    "version": "1.0"
                  }
                ]
              }
            ],
            "resource_group_name": "rg-sandbox",
            "routing": [],
            "secondary_access_key": "pgOn4/KO6NWzZl2i9AnIMbJPwfYUl66z4PU4KWAP4dTwj0tjq4iDgu7uUHvliS1esrVxuSvVJ4kB+AStgU+SXw==",
            "secondary_blob_connection_string": "",
            "secondary_blob_endpoint": null,
            "secondary_blob_host": null,
            "secondary_connection_string": "DefaultEndpointsProtocol=https;AccountName=stgdbxucsandbox;AccountKey=pgOn4/KO6NWzZl2i9AnIMbJPwfYUl66z4PU4KWAP4dTwj0tjq4iDgu7uUHvliS1esrVxuSvVJ4kB+AStgU+SXw==;EndpointSuffix=core.windows.net",
            "secondary_dfs_endpoint": null,
            "secondary_dfs_host": null,
            "secondary_file_endpoint": null,
            "secondary_file_host": null,
            "secondary_location": "",
            "secondary_queue_endpoint": null,
            "secondary_queue_host": null,
            "secondary_table_endpoint": null,
            "secondary_table_host": null,
            "secondary_web_endpoint": null,
            "secondary_web_host": null,
            "share_properties": [
              {
                "cors_rule": [],
                "retention_policy": [
                  {
                    "days": 7
                  }
                ],
                "smb": []
              }
            ],
            "shared_access_key_enabled": true,
            "static_website": [],
            "table_encryption_key_type": "Service",
            "tags": {
              "environment": "sandbox-uc"
            },
            "timeouts": null
          },
          "sensitive_attributes": [],
          "private": "eyJlMmJmYjczMC1lY2FhLTExZTYtOGY4OC0zNDM2M2JjN2M0YzAiOnsiY3JlYXRlIjozNjAwMDAwMDAwMDAwLCJkZWxldGUiOjM2MDAwMDAwMDAwMDAsInJlYWQiOjMwMDAwMDAwMDAwMCwidXBkYXRlIjozNjAwMDAwMDAwMDAwfSwic2NoZW1hX3ZlcnNpb24iOiIzIn0=",
          "dependencies": [
            "azurerm_resource_group.rg"
          ]
        }
      ]
    }
  ],
  "check_results": null
}
